// !$*UTF8*$!
{
	archiveVersion = 1;
	classes = {
	};
	objectVersion = 56;
	objects = {

/* Begin PBXBuildFile section */
		2CFFC6D2DCB354ABBC9EC977 /* Pods_tuner_tunerUITests.framework in Frameworks */ = {isa = PBXBuildFile; fileRef = 6416FD3580C1142E0C58C2D5 /* Pods_tuner_tunerUITests.framework */; };
		5E58DF96729D12AC5623A2F8 /* Pods_tunerTests.framework in Frameworks */ = {isa = PBXBuildFile; fileRef = 73281C6DFFF6C2DE90FB61D1 /* Pods_tunerTests.framework */; };
		9C6E38122A68FD390049FB4D /* tunerApp.swift in Sources */ = {isa = PBXBuildFile; fileRef = 9C6E38112A68FD390049FB4D /* tunerApp.swift */; };
		9C6E38142A68FD390049FB4D /* ContentView.swift in Sources */ = {isa = PBXBuildFile; fileRef = 9C6E38132A68FD390049FB4D /* ContentView.swift */; };
		9C6E38162A68FD3B0049FB4D /* Assets.xcassets in Resources */ = {isa = PBXBuildFile; fileRef = 9C6E38152A68FD3B0049FB4D /* Assets.xcassets */; };
		9C6E38192A68FD3B0049FB4D /* Preview Assets.xcassets in Resources */ = {isa = PBXBuildFile; fileRef = 9C6E38182A68FD3B0049FB4D /* Preview Assets.xcassets */; };
		9C6E38232A68FD3B0049FB4D /* tunerTests.swift in Sources */ = {isa = PBXBuildFile; fileRef = 9C6E38222A68FD3B0049FB4D /* tunerTests.swift */; };
		9C6E382D2A68FD3B0049FB4D /* tunerUITests.swift in Sources */ = {isa = PBXBuildFile; fileRef = 9C6E382C2A68FD3B0049FB4D /* tunerUITests.swift */; };
		9C6E382F2A68FD3B0049FB4D /* tunerUITestsLaunchTests.swift in Sources */ = {isa = PBXBuildFile; fileRef = 9C6E382E2A68FD3B0049FB4D /* tunerUITestsLaunchTests.swift */; };
		B606DF50D938E451EAF50068 /* Pods_tuner.framework in Frameworks */ = {isa = PBXBuildFile; fileRef = D959FAAB06A57635516CCB51 /* Pods_tuner.framework */; };
/* End PBXBuildFile section */

/* Begin PBXContainerItemProxy section */
		9C6E381F2A68FD3B0049FB4D /* PBXContainerItemProxy */ = {
			isa = PBXContainerItemProxy;
			containerPortal = 9C6E38062A68FD390049FB4D /* Project object */;
			proxyType = 1;
			remoteGlobalIDString = 9C6E380D2A68FD390049FB4D;
			remoteInfo = tuner;
		};
		9C6E38292A68FD3B0049FB4D /* PBXContainerItemProxy */ = {
			isa = PBXContainerItemProxy;
			containerPortal = 9C6E38062A68FD390049FB4D /* Project object */;
			proxyType = 1;
			remoteGlobalIDString = 9C6E380D2A68FD390049FB4D;
			remoteInfo = tuner;
		};
/* End PBXContainerItemProxy section */

/* Begin PBXFileReference section */
		2EBA884F758383676BFF871E /* Pods-tunerTests.release.xcconfig */ = {isa = PBXFileReference; includeInIndex = 1; lastKnownFileType = text.xcconfig; name = "Pods-tunerTests.release.xcconfig"; path = "Target Support Files/Pods-tunerTests/Pods-tunerTests.release.xcconfig"; sourceTree = "<group>"; };
		30D7D0A0747D27115541E7FC /* Pods-tuner-tunerUITests.debug.xcconfig */ = {isa = PBXFileReference; includeInIndex = 1; lastKnownFileType = text.xcconfig; name = "Pods-tuner-tunerUITests.debug.xcconfig"; path = "Target Support Files/Pods-tuner-tunerUITests/Pods-tuner-tunerUITests.debug.xcconfig"; sourceTree = "<group>"; };
		4E2366E0FCE25AC2239AFCC2 /* Pods-tuner.release.xcconfig */ = {isa = PBXFileReference; includeInIndex = 1; lastKnownFileType = text.xcconfig; name = "Pods-tuner.release.xcconfig"; path = "Target Support Files/Pods-tuner/Pods-tuner.release.xcconfig"; sourceTree = "<group>"; };
		6416FD3580C1142E0C58C2D5 /* Pods_tuner_tunerUITests.framework */ = {isa = PBXFileReference; explicitFileType = wrapper.framework; includeInIndex = 0; path = Pods_tuner_tunerUITests.framework; sourceTree = BUILT_PRODUCTS_DIR; };
		73281C6DFFF6C2DE90FB61D1 /* Pods_tunerTests.framework */ = {isa = PBXFileReference; explicitFileType = wrapper.framework; includeInIndex = 0; path = Pods_tunerTests.framework; sourceTree = BUILT_PRODUCTS_DIR; };
		9C6E380E2A68FD390049FB4D /* tuner.app */ = {isa = PBXFileReference; explicitFileType = wrapper.application; includeInIndex = 0; path = tuner.app; sourceTree = BUILT_PRODUCTS_DIR; };
		9C6E38112A68FD390049FB4D /* tunerApp.swift */ = {isa = PBXFileReference; lastKnownFileType = sourcecode.swift; path = tunerApp.swift; sourceTree = "<group>"; };
		9C6E38132A68FD390049FB4D /* ContentView.swift */ = {isa = PBXFileReference; lastKnownFileType = sourcecode.swift; path = ContentView.swift; sourceTree = "<group>"; };
		9C6E38152A68FD3B0049FB4D /* Assets.xcassets */ = {isa = PBXFileReference; lastKnownFileType = folder.assetcatalog; path = Assets.xcassets; sourceTree = "<group>"; };
		9C6E38182A68FD3B0049FB4D /* Preview Assets.xcassets */ = {isa = PBXFileReference; lastKnownFileType = folder.assetcatalog; path = "Preview Assets.xcassets"; sourceTree = "<group>"; };
		9C6E381E2A68FD3B0049FB4D /* tunerTests.xctest */ = {isa = PBXFileReference; explicitFileType = wrapper.cfbundle; includeInIndex = 0; path = tunerTests.xctest; sourceTree = BUILT_PRODUCTS_DIR; };
		9C6E38222A68FD3B0049FB4D /* tunerTests.swift */ = {isa = PBXFileReference; lastKnownFileType = sourcecode.swift; path = tunerTests.swift; sourceTree = "<group>"; };
		9C6E38282A68FD3B0049FB4D /* tunerUITests.xctest */ = {isa = PBXFileReference; explicitFileType = wrapper.cfbundle; includeInIndex = 0; path = tunerUITests.xctest; sourceTree = BUILT_PRODUCTS_DIR; };
		9C6E382C2A68FD3B0049FB4D /* tunerUITests.swift */ = {isa = PBXFileReference; lastKnownFileType = sourcecode.swift; path = tunerUITests.swift; sourceTree = "<group>"; };
		9C6E382E2A68FD3B0049FB4D /* tunerUITestsLaunchTests.swift */ = {isa = PBXFileReference; lastKnownFileType = sourcecode.swift; path = tunerUITestsLaunchTests.swift; sourceTree = "<group>"; };
		D959FAAB06A57635516CCB51 /* Pods_tuner.framework */ = {isa = PBXFileReference; explicitFileType = wrapper.framework; includeInIndex = 0; path = Pods_tuner.framework; sourceTree = BUILT_PRODUCTS_DIR; };
		DA80E976A964668AE5E12455 /* Pods-tuner.debug.xcconfig */ = {isa = PBXFileReference; includeInIndex = 1; lastKnownFileType = text.xcconfig; name = "Pods-tuner.debug.xcconfig"; path = "Target Support Files/Pods-tuner/Pods-tuner.debug.xcconfig"; sourceTree = "<group>"; };
		F74523CA081501F9B5B2E583 /* Pods-tunerTests.debug.xcconfig */ = {isa = PBXFileReference; includeInIndex = 1; lastKnownFileType = text.xcconfig; name = "Pods-tunerTests.debug.xcconfig"; path = "Target Support Files/Pods-tunerTests/Pods-tunerTests.debug.xcconfig"; sourceTree = "<group>"; };
		FD5199F1405DE79B92B4602D /* Pods-tuner-tunerUITests.release.xcconfig */ = {isa = PBXFileReference; includeInIndex = 1; lastKnownFileType = text.xcconfig; name = "Pods-tuner-tunerUITests.release.xcconfig"; path = "Target Support Files/Pods-tuner-tunerUITests/Pods-tuner-tunerUITests.release.xcconfig"; sourceTree = "<group>"; };
/* End PBXFileReference section */

/* Begin PBXFrameworksBuildPhase section */
		9C6E380B2A68FD390049FB4D /* Frameworks */ = {
			isa = PBXFrameworksBuildPhase;
			buildActionMask = 2147483647;
			files = (
				B606DF50D938E451EAF50068 /* Pods_tuner.framework in Frameworks */,
			);
			runOnlyForDeploymentPostprocessing = 0;
		};
		9C6E381B2A68FD3B0049FB4D /* Frameworks */ = {
			isa = PBXFrameworksBuildPhase;
			buildActionMask = 2147483647;
			files = (
				5E58DF96729D12AC5623A2F8 /* Pods_tunerTests.framework in Frameworks */,
			);
			runOnlyForDeploymentPostprocessing = 0;
		};
		9C6E38252A68FD3B0049FB4D /* Frameworks */ = {
			isa = PBXFrameworksBuildPhase;
			buildActionMask = 2147483647;
			files = (
				2CFFC6D2DCB354ABBC9EC977 /* Pods_tuner_tunerUITests.framework in Frameworks */,
			);
			runOnlyForDeploymentPostprocessing = 0;
		};
/* End PBXFrameworksBuildPhase section */

/* Begin PBXGroup section */
		9C6E38052A68FD390049FB4D = {
			isa = PBXGroup;
			children = (
				9C6E38102A68FD390049FB4D /* tuner */,
				9C6E38212A68FD3B0049FB4D /* tunerTests */,
				9C6E382B2A68FD3B0049FB4D /* tunerUITests */,
				9C6E380F2A68FD390049FB4D /* Products */,
				CCF4194C68918A79A0A7940C /* Pods */,
				B8BF336D2680AA0A63A51337 /* Frameworks */,
			);
			sourceTree = "<group>";
		};
		9C6E380F2A68FD390049FB4D /* Products */ = {
			isa = PBXGroup;
			children = (
				9C6E380E2A68FD390049FB4D /* tuner.app */,
				9C6E381E2A68FD3B0049FB4D /* tunerTests.xctest */,
				9C6E38282A68FD3B0049FB4D /* tunerUITests.xctest */,
			);
			name = Products;
			sourceTree = "<group>";
		};
		9C6E38102A68FD390049FB4D /* tuner */ = {
			isa = PBXGroup;
			children = (
				9C6E38112A68FD390049FB4D /* tunerApp.swift */,
				9C6E38132A68FD390049FB4D /* ContentView.swift */,
				9C6E38152A68FD3B0049FB4D /* Assets.xcassets */,
				9C6E38172A68FD3B0049FB4D /* Preview Content */,
			);
			path = tuner;
			sourceTree = "<group>";
		};
		9C6E38172A68FD3B0049FB4D /* Preview Content */ = {
			isa = PBXGroup;
			children = (
				9C6E38182A68FD3B0049FB4D /* Preview Assets.xcassets */,
			);
			path = "Preview Content";
			sourceTree = "<group>";
		};
		9C6E38212A68FD3B0049FB4D /* tunerTests */ = {
			isa = PBXGroup;
			children = (
				9C6E38222A68FD3B0049FB4D /* tunerTests.swift */,
			);
			path = tunerTests;
			sourceTree = "<group>";
		};
		9C6E382B2A68FD3B0049FB4D /* tunerUITests */ = {
			isa = PBXGroup;
			children = (
				9C6E382C2A68FD3B0049FB4D /* tunerUITests.swift */,
				9C6E382E2A68FD3B0049FB4D /* tunerUITestsLaunchTests.swift */,
			);
			path = tunerUITests;
			sourceTree = "<group>";
		};
		B8BF336D2680AA0A63A51337 /* Frameworks */ = {
			isa = PBXGroup;
			children = (
				D959FAAB06A57635516CCB51 /* Pods_tuner.framework */,
				6416FD3580C1142E0C58C2D5 /* Pods_tuner_tunerUITests.framework */,
				73281C6DFFF6C2DE90FB61D1 /* Pods_tunerTests.framework */,
			);
			name = Frameworks;
			sourceTree = "<group>";
		};
		CCF4194C68918A79A0A7940C /* Pods */ = {
			isa = PBXGroup;
			children = (
				DA80E976A964668AE5E12455 /* Pods-tuner.debug.xcconfig */,
				4E2366E0FCE25AC2239AFCC2 /* Pods-tuner.release.xcconfig */,
				30D7D0A0747D27115541E7FC /* Pods-tuner-tunerUITests.debug.xcconfig */,
				FD5199F1405DE79B92B4602D /* Pods-tuner-tunerUITests.release.xcconfig */,
				F74523CA081501F9B5B2E583 /* Pods-tunerTests.debug.xcconfig */,
				2EBA884F758383676BFF871E /* Pods-tunerTests.release.xcconfig */,
			);
			name = Pods;
			path = Pods;
			sourceTree = "<group>";
		};
/* End PBXGroup section */

/* Begin PBXNativeTarget section */
		9C6E380D2A68FD390049FB4D /* tuner */ = {
			isa = PBXNativeTarget;
			buildConfigurationList = 9C6E38322A68FD3B0049FB4D /* Build configuration list for PBXNativeTarget "tuner" */;
			buildPhases = (
				6830435482D2453113BBC1B8 /* [CP] Check Pods Manifest.lock */,
				9C6E380A2A68FD390049FB4D /* Sources */,
				9C6E380B2A68FD390049FB4D /* Frameworks */,
				9C6E380C2A68FD390049FB4D /* Resources */,
				8E233B72B5BFA6A75ECC1563 /* [CP] Embed Pods Frameworks */,
			);
			buildRules = (
			);
			dependencies = (
			);
			name = tuner;
			productName = tuner;
			productReference = 9C6E380E2A68FD390049FB4D /* tuner.app */;
			productType = "com.apple.product-type.application";
		};
		9C6E381D2A68FD3B0049FB4D /* tunerTests */ = {
			isa = PBXNativeTarget;
			buildConfigurationList = 9C6E38352A68FD3B0049FB4D /* Build configuration list for PBXNativeTarget "tunerTests" */;
			buildPhases = (
				D49FB02794D47FE74C61F17E /* [CP] Check Pods Manifest.lock */,
				9C6E381A2A68FD3B0049FB4D /* Sources */,
				9C6E381B2A68FD3B0049FB4D /* Frameworks */,
				9C6E381C2A68FD3B0049FB4D /* Resources */,
				63FBE1469434E4A76444A492 /* [CP] Embed Pods Frameworks */,
			);
			buildRules = (
			);
			dependencies = (
				9C6E38202A68FD3B0049FB4D /* PBXTargetDependency */,
			);
			name = tunerTests;
			productName = tunerTests;
			productReference = 9C6E381E2A68FD3B0049FB4D /* tunerTests.xctest */;
			productType = "com.apple.product-type.bundle.unit-test";
		};
		9C6E38272A68FD3B0049FB4D /* tunerUITests */ = {
			isa = PBXNativeTarget;
			buildConfigurationList = 9C6E38382A68FD3B0049FB4D /* Build configuration list for PBXNativeTarget "tunerUITests" */;
			buildPhases = (
				7692C638926949F116CA44BC /* [CP] Check Pods Manifest.lock */,
				9C6E38242A68FD3B0049FB4D /* Sources */,
				9C6E38252A68FD3B0049FB4D /* Frameworks */,
				9C6E38262A68FD3B0049FB4D /* Resources */,
				3267A1AEA83B4DD037178369 /* [CP] Embed Pods Frameworks */,
			);
			buildRules = (
			);
			dependencies = (
				9C6E382A2A68FD3B0049FB4D /* PBXTargetDependency */,
			);
			name = tunerUITests;
			productName = tunerUITests;
			productReference = 9C6E38282A68FD3B0049FB4D /* tunerUITests.xctest */;
			productType = "com.apple.product-type.bundle.ui-testing";
		};
/* End PBXNativeTarget section */

/* Begin PBXProject section */
		9C6E38062A68FD390049FB4D /* Project object */ = {
			isa = PBXProject;
			attributes = {
				BuildIndependentTargetsInParallel = 1;
				LastSwiftUpdateCheck = 1420;
				LastUpgradeCheck = 1420;
				TargetAttributes = {
					9C6E380D2A68FD390049FB4D = {
						CreatedOnToolsVersion = 14.2;
					};
					9C6E381D2A68FD3B0049FB4D = {
						CreatedOnToolsVersion = 14.2;
						TestTargetID = 9C6E380D2A68FD390049FB4D;
					};
					9C6E38272A68FD3B0049FB4D = {
						CreatedOnToolsVersion = 14.2;
						TestTargetID = 9C6E380D2A68FD390049FB4D;
					};
				};
			};
			buildConfigurationList = 9C6E38092A68FD390049FB4D /* Build configuration list for PBXProject "tuner" */;
			compatibilityVersion = "Xcode 14.0";
			developmentRegion = en;
			hasScannedForEncodings = 0;
			knownRegions = (
				en,
				Base,
			);
			mainGroup = 9C6E38052A68FD390049FB4D;
			productRefGroup = 9C6E380F2A68FD390049FB4D /* Products */;
			projectDirPath = "";
			projectRoot = "";
			targets = (
				9C6E380D2A68FD390049FB4D /* tuner */,
				9C6E381D2A68FD3B0049FB4D /* tunerTests */,
				9C6E38272A68FD3B0049FB4D /* tunerUITests */,
			);
		};
/* End PBXProject section */

/* Begin PBXResourcesBuildPhase section */
		9C6E380C2A68FD390049FB4D /* Resources */ = {
			isa = PBXResourcesBuildPhase;
			buildActionMask = 2147483647;
			files = (
				9C6E38192A68FD3B0049FB4D /* Preview Assets.xcassets in Resources */,
				9C6E38162A68FD3B0049FB4D /* Assets.xcassets in Resources */,
			);
			runOnlyForDeploymentPostprocessing = 0;
		};
		9C6E381C2A68FD3B0049FB4D /* Resources */ = {
			isa = PBXResourcesBuildPhase;
			buildActionMask = 2147483647;
			files = (
			);
			runOnlyForDeploymentPostprocessing = 0;
		};
		9C6E38262A68FD3B0049FB4D /* Resources */ = {
			isa = PBXResourcesBuildPhase;
			buildActionMask = 2147483647;
			files = (
			);
			runOnlyForDeploymentPostprocessing = 0;
		};
/* End PBXResourcesBuildPhase section */

/* Begin PBXShellScriptBuildPhase section */
		3267A1AEA83B4DD037178369 /* [CP] Embed Pods Frameworks */ = {
			isa = PBXShellScriptBuildPhase;
			buildActionMask = 2147483647;
			files = (
			);
			inputFileListPaths = (
				"${PODS_ROOT}/Target Support Files/Pods-tuner-tunerUITests/Pods-tuner-tunerUITests-frameworks-${CONFIGURATION}-input-files.xcfilelist",
			);
			name = "[CP] Embed Pods Frameworks";
			outputFileListPaths = (
				"${PODS_ROOT}/Target Support Files/Pods-tuner-tunerUITests/Pods-tuner-tunerUITests-frameworks-${CONFIGURATION}-output-files.xcfilelist",
			);
			runOnlyForDeploymentPostprocessing = 0;
			shellPath = /bin/sh;
			shellScript = "\"${PODS_ROOT}/Target Support Files/Pods-tuner-tunerUITests/Pods-tuner-tunerUITests-frameworks.sh\"\n";
			showEnvVarsInLog = 0;
		};
		63FBE1469434E4A76444A492 /* [CP] Embed Pods Frameworks */ = {
			isa = PBXShellScriptBuildPhase;
			buildActionMask = 2147483647;
			files = (
			);
			inputFileListPaths = (
				"${PODS_ROOT}/Target Support Files/Pods-tunerTests/Pods-tunerTests-frameworks-${CONFIGURATION}-input-files.xcfilelist",
			);
			name = "[CP] Embed Pods Frameworks";
			outputFileListPaths = (
				"${PODS_ROOT}/Target Support Files/Pods-tunerTests/Pods-tunerTests-frameworks-${CONFIGURATION}-output-files.xcfilelist",
			);
			runOnlyForDeploymentPostprocessing = 0;
			shellPath = /bin/sh;
			shellScript = "\"${PODS_ROOT}/Target Support Files/Pods-tunerTests/Pods-tunerTests-frameworks.sh\"\n";
			showEnvVarsInLog = 0;
		};
		6830435482D2453113BBC1B8 /* [CP] Check Pods Manifest.lock */ = {
			isa = PBXShellScriptBuildPhase;
			buildActionMask = 2147483647;
			files = (
			);
			inputFileListPaths = (
			);
			inputPaths = (
				"${PODS_PODFILE_DIR_PATH}/Podfile.lock",
				"${PODS_ROOT}/Manifest.lock",
			);
			name = "[CP] Check Pods Manifest.lock";
			outputFileListPaths = (
			);
			outputPaths = (
				"$(DERIVED_FILE_DIR)/Pods-tuner-checkManifestLockResult.txt",
			);
			runOnlyForDeploymentPostprocessing = 0;
			shellPath = /bin/sh;
			shellScript = "diff \"${PODS_PODFILE_DIR_PATH}/Podfile.lock\" \"${PODS_ROOT}/Manifest.lock\" > /dev/null\nif [ $? != 0 ] ; then\n    # print error to STDERR\n    echo \"error: The sandbox is not in sync with the Podfile.lock. Run 'pod install' or update your CocoaPods installation.\" >&2\n    exit 1\nfi\n# This output is used by Xcode 'outputs' to avoid re-running this script phase.\necho \"SUCCESS\" > \"${SCRIPT_OUTPUT_FILE_0}\"\n";
			showEnvVarsInLog = 0;
		};
		7692C638926949F116CA44BC /* [CP] Check Pods Manifest.lock */ = {
			isa = PBXShellScriptBuildPhase;
			buildActionMask = 2147483647;
			files = (
			);
			inputFileListPaths = (
			);
			inputPaths = (
				"${PODS_PODFILE_DIR_PATH}/Podfile.lock",
				"${PODS_ROOT}/Manifest.lock",
			);
			name = "[CP] Check Pods Manifest.lock";
			outputFileListPaths = (
			);
			outputPaths = (
				"$(DERIVED_FILE_DIR)/Pods-tuner-tunerUITests-checkManifestLockResult.txt",
			);
			runOnlyForDeploymentPostprocessing = 0;
			shellPath = /bin/sh;
			shellScript = "diff \"${PODS_PODFILE_DIR_PATH}/Podfile.lock\" \"${PODS_ROOT}/Manifest.lock\" > /dev/null\nif [ $? != 0 ] ; then\n    # print error to STDERR\n    echo \"error: The sandbox is not in sync with the Podfile.lock. Run 'pod install' or update your CocoaPods installation.\" >&2\n    exit 1\nfi\n# This output is used by Xcode 'outputs' to avoid re-running this script phase.\necho \"SUCCESS\" > \"${SCRIPT_OUTPUT_FILE_0}\"\n";
			showEnvVarsInLog = 0;
		};
		8E233B72B5BFA6A75ECC1563 /* [CP] Embed Pods Frameworks */ = {
			isa = PBXShellScriptBuildPhase;
			buildActionMask = 2147483647;
			files = (
			);
			inputFileListPaths = (
				"${PODS_ROOT}/Target Support Files/Pods-tuner/Pods-tuner-frameworks-${CONFIGURATION}-input-files.xcfilelist",
			);
			name = "[CP] Embed Pods Frameworks";
			outputFileListPaths = (
				"${PODS_ROOT}/Target Support Files/Pods-tuner/Pods-tuner-frameworks-${CONFIGURATION}-output-files.xcfilelist",
			);
			runOnlyForDeploymentPostprocessing = 0;
			shellPath = /bin/sh;
			shellScript = "\"${PODS_ROOT}/Target Support Files/Pods-tuner/Pods-tuner-frameworks.sh\"\n";
			showEnvVarsInLog = 0;
		};
		D49FB02794D47FE74C61F17E /* [CP] Check Pods Manifest.lock */ = {
			isa = PBXShellScriptBuildPhase;
			buildActionMask = 2147483647;
			files = (
			);
			inputFileListPaths = (
			);
			inputPaths = (
				"${PODS_PODFILE_DIR_PATH}/Podfile.lock",
				"${PODS_ROOT}/Manifest.lock",
			);
			name = "[CP] Check Pods Manifest.lock";
			outputFileListPaths = (
			);
			outputPaths = (
				"$(DERIVED_FILE_DIR)/Pods-tunerTests-checkManifestLockResult.txt",
			);
			runOnlyForDeploymentPostprocessing = 0;
			shellPath = /bin/sh;
			shellScript = "diff \"${PODS_PODFILE_DIR_PATH}/Podfile.lock\" \"${PODS_ROOT}/Manifest.lock\" > /dev/null\nif [ $? != 0 ] ; then\n    # print error to STDERR\n    echo \"error: The sandbox is not in sync with the Podfile.lock. Run 'pod install' or update your CocoaPods installation.\" >&2\n    exit 1\nfi\n# This output is used by Xcode 'outputs' to avoid re-running this script phase.\necho \"SUCCESS\" > \"${SCRIPT_OUTPUT_FILE_0}\"\n";
			showEnvVarsInLog = 0;
		};
/* End PBXShellScriptBuildPhase section */

/* Begin PBXSourcesBuildPhase section */
		9C6E380A2A68FD390049FB4D /* Sources */ = {
			isa = PBXSourcesBuildPhase;
			buildActionMask = 2147483647;
			files = (
				9C6E38142A68FD390049FB4D /* ContentView.swift in Sources */,
				9C6E38122A68FD390049FB4D /* tunerApp.swift in Sources */,
			);
			runOnlyForDeploymentPostprocessing = 0;
		};
		9C6E381A2A68FD3B0049FB4D /* Sources */ = {
			isa = PBXSourcesBuildPhase;
			buildActionMask = 2147483647;
			files = (
				9C6E38232A68FD3B0049FB4D /* tunerTests.swift in Sources */,
			);
			runOnlyForDeploymentPostprocessing = 0;
		};
		9C6E38242A68FD3B0049FB4D /* Sources */ = {
			isa = PBXSourcesBuildPhase;
			buildActionMask = 2147483647;
			files = (
				9C6E382D2A68FD3B0049FB4D /* tunerUITests.swift in Sources */,
				9C6E382F2A68FD3B0049FB4D /* tunerUITestsLaunchTests.swift in Sources */,
			);
			runOnlyForDeploymentPostprocessing = 0;
		};
/* End PBXSourcesBuildPhase section */

/* Begin PBXTargetDependency section */
		9C6E38202A68FD3B0049FB4D /* PBXTargetDependency */ = {
			isa = PBXTargetDependency;
			target = 9C6E380D2A68FD390049FB4D /* tuner */;
			targetProxy = 9C6E381F2A68FD3B0049FB4D /* PBXContainerItemProxy */;
		};
		9C6E382A2A68FD3B0049FB4D /* PBXTargetDependency */ = {
			isa = PBXTargetDependency;
			target = 9C6E380D2A68FD390049FB4D /* tuner */;
			targetProxy = 9C6E38292A68FD3B0049FB4D /* PBXContainerItemProxy */;
		};
/* End PBXTargetDependency section */

/* Begin XCBuildConfiguration section */
		9C6E38302A68FD3B0049FB4D /* Debug */ = {
			isa = XCBuildConfiguration;
			buildSettings = {
				ALWAYS_SEARCH_USER_PATHS = NO;
				CLANG_ANALYZER_NONNULL = YES;
				CLANG_ANALYZER_NUMBER_OBJECT_CONVERSION = YES_AGGRESSIVE;
				CLANG_CXX_LANGUAGE_STANDARD = "gnu++20";
				CLANG_ENABLE_MODULES = YES;
				CLANG_ENABLE_OBJC_ARC = YES;
				CLANG_ENABLE_OBJC_WEAK = YES;
				CLANG_WARN_BLOCK_CAPTURE_AUTORELEASING = YES;
				CLANG_WARN_BOOL_CONVERSION = YES;
				CLANG_WARN_COMMA = YES;
				CLANG_WARN_CONSTANT_CONVERSION = YES;
				CLANG_WARN_DEPRECATED_OBJC_IMPLEMENTATIONS = YES;
				CLANG_WARN_DIRECT_OBJC_ISA_USAGE = YES_ERROR;
				CLANG_WARN_DOCUMENTATION_COMMENTS = YES;
				CLANG_WARN_EMPTY_BODY = YES;
				CLANG_WARN_ENUM_CONVERSION = YES;
				CLANG_WARN_INFINITE_RECURSION = YES;
				CLANG_WARN_INT_CONVERSION = YES;
				CLANG_WARN_NON_LITERAL_NULL_CONVERSION = YES;
				CLANG_WARN_OBJC_IMPLICIT_RETAIN_SELF = YES;
				CLANG_WARN_OBJC_LITERAL_CONVERSION = YES;
				CLANG_WARN_OBJC_ROOT_CLASS = YES_ERROR;
				CLANG_WARN_QUOTED_INCLUDE_IN_FRAMEWORK_HEADER = YES;
				CLANG_WARN_RANGE_LOOP_ANALYSIS = YES;
				CLANG_WARN_STRICT_PROTOTYPES = YES;
				CLANG_WARN_SUSPICIOUS_MOVE = YES;
				CLANG_WARN_UNGUARDED_AVAILABILITY = YES_AGGRESSIVE;
				CLANG_WARN_UNREACHABLE_CODE = YES;
				CLANG_WARN__DUPLICATE_METHOD_MATCH = YES;
				COPY_PHASE_STRIP = NO;
				DEBUG_INFORMATION_FORMAT = dwarf;
				ENABLE_STRICT_OBJC_MSGSEND = YES;
				ENABLE_TESTABILITY = YES;
				GCC_C_LANGUAGE_STANDARD = gnu11;
				GCC_DYNAMIC_NO_PIC = NO;
				GCC_NO_COMMON_BLOCKS = YES;
				GCC_OPTIMIZATION_LEVEL = 0;
				GCC_PREPROCESSOR_DEFINITIONS = (
					"DEBUG=1",
					"$(inherited)",
				);
				GCC_WARN_64_TO_32_BIT_CONVERSION = YES;
				GCC_WARN_ABOUT_RETURN_TYPE = YES_ERROR;
				GCC_WARN_UNDECLARED_SELECTOR = YES;
				GCC_WARN_UNINITIALIZED_AUTOS = YES_AGGRESSIVE;
				GCC_WARN_UNUSED_FUNCTION = YES;
				GCC_WARN_UNUSED_VARIABLE = YES;
				IPHONEOS_DEPLOYMENT_TARGET = 16.2;
				MTL_ENABLE_DEBUG_INFO = INCLUDE_SOURCE;
				MTL_FAST_MATH = YES;
				ONLY_ACTIVE_ARCH = YES;
				SDKROOT = iphoneos;
				SWIFT_ACTIVE_COMPILATION_CONDITIONS = DEBUG;
				SWIFT_OPTIMIZATION_LEVEL = "-Onone";
			};
			name = Debug;
		};
		9C6E38312A68FD3B0049FB4D /* Release */ = {
			isa = XCBuildConfiguration;
			buildSettings = {
				ALWAYS_SEARCH_USER_PATHS = NO;
				CLANG_ANALYZER_NONNULL = YES;
				CLANG_ANALYZER_NUMBER_OBJECT_CONVERSION = YES_AGGRESSIVE;
				CLANG_CXX_LANGUAGE_STANDARD = "gnu++20";
				CLANG_ENABLE_MODULES = YES;
				CLANG_ENABLE_OBJC_ARC = YES;
				CLANG_ENABLE_OBJC_WEAK = YES;
				CLANG_WARN_BLOCK_CAPTURE_AUTORELEASING = YES;
				CLANG_WARN_BOOL_CONVERSION = YES;
				CLANG_WARN_COMMA = YES;
				CLANG_WARN_CONSTANT_CONVERSION = YES;
				CLANG_WARN_DEPRECATED_OBJC_IMPLEMENTATIONS = YES;
				CLANG_WARN_DIRECT_OBJC_ISA_USAGE = YES_ERROR;
				CLANG_WARN_DOCUMENTATION_COMMENTS = YES;
				CLANG_WARN_EMPTY_BODY = YES;
				CLANG_WARN_ENUM_CONVERSION = YES;
				CLANG_WARN_INFINITE_RECURSION = YES;
				CLANG_WARN_INT_CONVERSION = YES;
				CLANG_WARN_NON_LITERAL_NULL_CONVERSION = YES;
				CLANG_WARN_OBJC_IMPLICIT_RETAIN_SELF = YES;
				CLANG_WARN_OBJC_LITERAL_CONVERSION = YES;
				CLANG_WARN_OBJC_ROOT_CLASS = YES_ERROR;
				CLANG_WARN_QUOTED_INCLUDE_IN_FRAMEWORK_HEADER = YES;
				CLANG_WARN_RANGE_LOOP_ANALYSIS = YES;
				CLANG_WARN_STRICT_PROTOTYPES = YES;
				CLANG_WARN_SUSPICIOUS_MOVE = YES;
				CLANG_WARN_UNGUARDED_AVAILABILITY = YES_AGGRESSIVE;
				CLANG_WARN_UNREACHABLE_CODE = YES;
				CLANG_WARN__DUPLICATE_METHOD_MATCH = YES;
				COPY_PHASE_STRIP = NO;
				DEBUG_INFORMATION_FORMAT = "dwarf-with-dsym";
				ENABLE_NS_ASSERTIONS = NO;
				ENABLE_STRICT_OBJC_MSGSEND = YES;
				GCC_C_LANGUAGE_STANDARD = gnu11;
				GCC_NO_COMMON_BLOCKS = YES;
				GCC_WARN_64_TO_32_BIT_CONVERSION = YES;
				GCC_WARN_ABOUT_RETURN_TYPE = YES_ERROR;
				GCC_WARN_UNDECLARED_SELECTOR = YES;
				GCC_WARN_UNINITIALIZED_AUTOS = YES_AGGRESSIVE;
				GCC_WARN_UNUSED_FUNCTION = YES;
				GCC_WARN_UNUSED_VARIABLE = YES;
				IPHONEOS_DEPLOYMENT_TARGET = 16.2;
				MTL_ENABLE_DEBUG_INFO = NO;
				MTL_FAST_MATH = YES;
				SDKROOT = iphoneos;
				SWIFT_COMPILATION_MODE = wholemodule;
				SWIFT_OPTIMIZATION_LEVEL = "-O";
				VALIDATE_PRODUCT = YES;
			};
			name = Release;
		};
		9C6E38332A68FD3B0049FB4D /* Debug */ = {
			isa = XCBuildConfiguration;
			baseConfigurationReference = DA80E976A964668AE5E12455 /* Pods-tuner.debug.xcconfig */;
			buildSettings = {
				ASSETCATALOG_COMPILER_APPICON_NAME = AppIcon;
				ASSETCATALOG_COMPILER_GLOBAL_ACCENT_COLOR_NAME = AccentColor;
				CODE_SIGN_STYLE = Automatic;
				CURRENT_PROJECT_VERSION = 1;
				DEVELOPMENT_ASSET_PATHS = "\"tuner/Preview Content\"";
				ENABLE_PREVIEWS = YES;
				GENERATE_INFOPLIST_FILE = YES;
				INFOPLIST_KEY_UIApplicationSceneManifest_Generation = YES;
				INFOPLIST_KEY_UIApplicationSupportsIndirectInputEvents = YES;
				INFOPLIST_KEY_UILaunchScreen_Generation = YES;
				INFOPLIST_KEY_UISupportedInterfaceOrientations_iPad = "UIInterfaceOrientationPortrait UIInterfaceOrientationPortraitUpsideDown UIInterfaceOrientationLandscapeLeft UIInterfaceOrientationLandscapeRight";
				INFOPLIST_KEY_UISupportedInterfaceOrientations_iPhone = "UIInterfaceOrientationPortrait UIInterfaceOrientationLandscapeLeft UIInterfaceOrientationLandscapeRight";
				LD_RUNPATH_SEARCH_PATHS = (
					"$(inherited)",
					"@executable_path/Frameworks",
				);
				MARKETING_VERSION = 1.0;
				PRODUCT_BUNDLE_IDENTIFIER = com.test.tuner;
				PRODUCT_NAME = "$(TARGET_NAME)";
				SWIFT_EMIT_LOC_STRINGS = YES;
				SWIFT_VERSION = 5.0;
				TARGETED_DEVICE_FAMILY = "1,2";
			};
			name = Debug;
		};
		9C6E38342A68FD3B0049FB4D /* Release */ = {
			isa = XCBuildConfiguration;
			baseConfigurationReference = 4E2366E0FCE25AC2239AFCC2 /* Pods-tuner.release.xcconfig */;
			buildSettings = {
				ASSETCATALOG_COMPILER_APPICON_NAME = AppIcon;
				ASSETCATALOG_COMPILER_GLOBAL_ACCENT_COLOR_NAME = AccentColor;
				CODE_SIGN_STYLE = Automatic;
				CURRENT_PROJECT_VERSION = 1;
				DEVELOPMENT_ASSET_PATHS = "\"tuner/Preview Content\"";
				ENABLE_PREVIEWS = YES;
				GENERATE_INFOPLIST_FILE = YES;
				INFOPLIST_KEY_UIApplicationSceneManifest_Generation = YES;
				INFOPLIST_KEY_UIApplicationSupportsIndirectInputEvents = YES;
				INFOPLIST_KEY_UILaunchScreen_Generation = YES;
				INFOPLIST_KEY_UISupportedInterfaceOrientations_iPad = "UIInterfaceOrientationPortrait UIInterfaceOrientationPortraitUpsideDown UIInterfaceOrientationLandscapeLeft UIInterfaceOrientationLandscapeRight";
				INFOPLIST_KEY_UISupportedInterfaceOrientations_iPhone = "UIInterfaceOrientationPortrait UIInterfaceOrientationLandscapeLeft UIInterfaceOrientationLandscapeRight";
				LD_RUNPATH_SEARCH_PATHS = (
					"$(inherited)",
					"@executable_path/Frameworks",
				);
				MARKETING_VERSION = 1.0;
				PRODUCT_BUNDLE_IDENTIFIER = com.test.tuner;
				PRODUCT_NAME = "$(TARGET_NAME)";
				SWIFT_EMIT_LOC_STRINGS = YES;
				SWIFT_VERSION = 5.0;
				TARGETED_DEVICE_FAMILY = "1,2";
			};
			name = Release;
		};
		9C6E38362A68FD3B0049FB4D /* Debug */ = {
			isa = XCBuildConfiguration;
			baseConfigurationReference = F74523CA081501F9B5B2E583 /* Pods-tunerTests.debug.xcconfig */;
			buildSettings = {
				ALWAYS_EMBED_SWIFT_STANDARD_LIBRARIES = YES;
				BUNDLE_LOADER = "$(TEST_HOST)";
				CODE_SIGN_STYLE = Automatic;
				CURRENT_PROJECT_VERSION = 1;
				GENERATE_INFOPLIST_FILE = YES;
				IPHONEOS_DEPLOYMENT_TARGET = 16.2;
				MARKETING_VERSION = 1.0;
				PRODUCT_BUNDLE_IDENTIFIER = com.test.tunerTests;
				PRODUCT_NAME = "$(TARGET_NAME)";
				SWIFT_EMIT_LOC_STRINGS = NO;
				SWIFT_VERSION = 5.0;
				TARGETED_DEVICE_FAMILY = "1,2";
				TEST_HOST = "$(BUILT_PRODUCTS_DIR)/tuner.app/$(BUNDLE_EXECUTABLE_FOLDER_PATH)/tuner";
			};
			name = Debug;
		};
		9C6E38372A68FD3B0049FB4D /* Release */ = {
			isa = XCBuildConfiguration;
			baseConfigurationReference = 2EBA884F758383676BFF871E /* Pods-tunerTests.release.xcconfig */;
			buildSettings = {
				ALWAYS_EMBED_SWIFT_STANDARD_LIBRARIES = YES;
				BUNDLE_LOADER = "$(TEST_HOST)";
				CODE_SIGN_STYLE = Automatic;
				CURRENT_PROJECT_VERSION = 1;
				GENERATE_INFOPLIST_FILE = YES;
				IPHONEOS_DEPLOYMENT_TARGET = 16.2;
				MARKETING_VERSION = 1.0;
				PRODUCT_BUNDLE_IDENTIFIER = com.test.tunerTests;
				PRODUCT_NAME = "$(TARGET_NAME)";
				SWIFT_EMIT_LOC_STRINGS = NO;
				SWIFT_VERSION = 5.0;
				TARGETED_DEVICE_FAMILY = "1,2";
				TEST_HOST = "$(BUILT_PRODUCTS_DIR)/tuner.app/$(BUNDLE_EXECUTABLE_FOLDER_PATH)/tuner";
			};
			name = Release;
		};
		9C6E38392A68FD3B0049FB4D /* Debug */ = {
			isa = XCBuildConfiguration;
			baseConfigurationReference = 30D7D0A0747D27115541E7FC /* Pods-tuner-tunerUITests.debug.xcconfig */;
			buildSettings = {
				ALWAYS_EMBED_SWIFT_STANDARD_LIBRARIES = YES;
				CODE_SIGN_STYLE = Automatic;
				CURRENT_PROJECT_VERSION = 1;
				GENERATE_INFOPLIST_FILE = YES;
				MARKETING_VERSION = 1.0;
				PRODUCT_BUNDLE_IDENTIFIER = com.test.tunerUITests;
				PRODUCT_NAME = "$(TARGET_NAME)";
				SWIFT_EMIT_LOC_STRINGS = NO;
				SWIFT_VERSION = 5.0;
				TARGETED_DEVICE_FAMILY = "1,2";
				TEST_TARGET_NAME = tuner;
			};
			name = Debug;
		};
		9C6E383A2A68FD3B0049FB4D /* Release */ = {
			isa = XCBuildConfiguration;
			baseConfigurationReference = FD5199F1405DE79B92B4602D /* Pods-tuner-tunerUITests.release.xcconfig */;
			buildSettings = {
				ALWAYS_EMBED_SWIFT_STANDARD_LIBRARIES = YES;
				CODE_SIGN_STYLE = Automatic;
				CURRENT_PROJECT_VERSION = 1;
				GENERATE_INFOPLIST_FILE = YES;
				MARKETING_VERSION = 1.0;
				PRODUCT_BUNDLE_IDENTIFIER = com.test.tunerUITests;
				PRODUCT_NAME = "$(TARGET_NAME)";
				SWIFT_EMIT_LOC_STRINGS = NO;
				SWIFT_VERSION = 5.0;
				TARGETED_DEVICE_FAMILY = "1,2";
				TEST_TARGET_NAME = tuner;
			};
			name = Release;
		};
/* End XCBuildConfiguration section */

/* Begin XCConfigurationList section */
		9C6E38092A68FD390049FB4D /* Build configuration list for PBXProject "tuner" */ = {
			isa = XCConfigurationList;
			buildConfigurations = (
				9C6E38302A68FD3B0049FB4D /* Debug */,
				9C6E38312A68FD3B0049FB4D /* Release */,
			);
			defaultConfigurationIsVisible = 0;
			defaultConfigurationName = Release;
		};
		9C6E38322A68FD3B0049FB4D /* Build configuration list for PBXNativeTarget "tuner" */ = {
			isa = XCConfigurationList;
			buildConfigurations = (
				9C6E38332A68FD3B0049FB4D /* Debug */,
				9C6E38342A68FD3B0049FB4D /* Release */,
			);
			defaultConfigurationIsVisible = 0;
			defaultConfigurationName = Release;
		};
		9C6E38352A68FD3B0049FB4D /* Build configuration list for PBXNativeTarget "tunerTests" */ = {
			isa = XCConfigurationList;
			buildConfigurations = (
				9C6E38362A68FD3B0049FB4D /* Debug */,
				9C6E38372A68FD3B0049FB4D /* Release */,
			);
			defaultConfigurationIsVisible = 0;
			defaultConfigurationName = Release;
		};
		9C6E38382A68FD3B0049FB4D /* Build configuration list for PBXNativeTarget "tunerUITests" */ = {
			isa = XCConfigurationList;
			buildConfigurations = (
				9C6E38392A68FD3B0049FB4D /* Debug */,
				9C6E383A2A68FD3B0049FB4D /* Release */,
			);
			defaultConfigurationIsVisible = 0;
			defaultConfigurationName = Release;
		};
/* End XCConfigurationList section */
	};
	rootObject = 9C6E38062A68FD390049FB4D /* Project object */;
}
